
Microsoft Visual Studio Solution File, Format Version 12.00
# Visual Studio Version 17
VisualStudioVersion = 17.5.33209.295
MinimumVisualStudioVersion = 10.0.40219.1
Project("{9A19103F-16F7-4668-BE54-9A1E7A4F7556}") = "KHMPartiturenCentrum", "KHMPartiturenCentrum\KHMPartiturenCentrum.csproj", "{60063314-8EA6-4DC7-B797-E6E3775CDCD9}"
EndProject
Project("{2150E333-8FDC-42A3-9474-1A3956D46DE8}") = "Solution Items", "Solution Items", "{72D69D0D-34DC-44E1-A4C7-950CAE0F29CA}"
	ProjectSection(SolutionItems) = preProject
		.editorconfig = .editorconfig
	EndProjectSection
EndProject
Global
	GlobalSection(SolutionConfigurationPlatforms) = preSolution
		Debug|Any CPU = Debug|Any CPU
		Release|Any CPU = Release|Any CPU
	EndGlobalSection
	GlobalSection(ProjectConfigurationPlatforms) = postSolution
		{60063314-8EA6-4DC7-B797-E6E3775CDCD9}.Debug|Any CPU.ActiveCfg = Debug|Any CPU
		{60063314-8EA6-4DC7-B797-E6E3775CDCD9}.Debug|Any CPU.Build.0 = Debug|Any CPU
		{60063314-8EA6-4DC7-B797-E6E3775CDCD9}.Release|Any CPU.ActiveCfg = Release|Any CPU
		{60063314-8EA6-4DC7-B797-E6E3775CDCD9}.Release|Any CPU.Build.0 = Release|Any CPU
	EndGlobalSection
	GlobalSection(SolutionProperties) = preSolution
		HideSolutionNode = FALSE
	EndGlobalSection
	GlobalSection(ExtensibilityGlobals) = postSolution
		SolutionGuid = {0BFD6CAF-342C-4A00-9C3D-B547D09E0B17}
	EndGlobalSection
EndGlobal
